
Microsoft Visual Studio Solution File, Format Version 12.00
# Visual Studio Version 17
VisualStudioVersion = 17.7.34024.191
MinimumVisualStudioVersion = 10.0.40219.1
Project("{8BC9CEB8-8B4A-11D0-8D11-00A0C91BC942}") = "test25_OddNumJi", "test25_OddNumJi.vcxproj", "{9A4CA1BA-6467-4E92-8A93-32002CD61165}"
EndProject
Global
	GlobalSection(SolutionConfigurationPlatforms) = preSolution
		Debug|x64 = Debug|x64
		Debug|x86 = Debug|x86
		Release|x64 = Release|x64
		Release|x86 = Release|x86
	EndGlobalSection
	GlobalSection(ProjectConfigurationPlatforms) = postSolution
		{9A4CA1BA-6467-4E92-8A93-32002CD61165}.Debug|x64.ActiveCfg = Debug|x64
		{9A4CA1BA-6467-4E92-8A93-32002CD61165}.Debug|x64.Build.0 = Debug|x64
		{9A4CA1BA-6467-4E92-8A93-32002CD61165}.Debug|x86.ActiveCfg = Debug|Win32
		{9A4CA1BA-6467-4E92-8A93-32002CD61165}.Debug|x86.Build.0 = Debug|Win32
		{9A4CA1BA-6467-4E92-8A93-32002CD61165}.Release|x64.ActiveCfg = Release|x64
		{9A4CA1BA-6467-4E92-8A93-32002CD61165}.Release|x64.Build.0 = Release|x64
		{9A4CA1BA-6467-4E92-8A93-32002CD61165}.Release|x86.ActiveCfg = Release|Win32
		{9A4CA1BA-6467-4E92-8A93-32002CD61165}.Release|x86.Build.0 = Release|Win32
	EndGlobalSection
	GlobalSection(SolutionProperties) = preSolution
		HideSolutionNode = FALSE
	EndGlobalSection
	GlobalSection(ExtensibilityGlobals) = postSolution
		SolutionGuid = {353ABC19-F5B0-43E1-A3B8-33BC4B79FDB5}
	EndGlobalSection
EndGlobal
