
Microsoft Visual Studio Solution File, Format Version 12.00
# Visual Studio Version 17
VisualStudioVersion = 17.7.34024.191
MinimumVisualStudioVersion = 10.0.40219.1
Project("{8BC9CEB8-8B4A-11D0-8D11-00A0C91BC942}") = "test25_Copy", "test25_Copy.vcxproj", "{AEED4A5C-5A3F-4932-87DD-F84262A68D53}"
EndProject
Global
	GlobalSection(SolutionConfigurationPlatforms) = preSolution
		Debug|x64 = Debug|x64
		Debug|x86 = Debug|x86
		Release|x64 = Release|x64
		Release|x86 = Release|x86
	EndGlobalSection
	GlobalSection(ProjectConfigurationPlatforms) = postSolution
		{AEED4A5C-5A3F-4932-87DD-F84262A68D53}.Debug|x64.ActiveCfg = Debug|x64
		{AEED4A5C-5A3F-4932-87DD-F84262A68D53}.Debug|x64.Build.0 = Debug|x64
		{AEED4A5C-5A3F-4932-87DD-F84262A68D53}.Debug|x86.ActiveCfg = Debug|Win32
		{AEED4A5C-5A3F-4932-87DD-F84262A68D53}.Debug|x86.Build.0 = Debug|Win32
		{AEED4A5C-5A3F-4932-87DD-F84262A68D53}.Release|x64.ActiveCfg = Release|x64
		{AEED4A5C-5A3F-4932-87DD-F84262A68D53}.Release|x64.Build.0 = Release|x64
		{AEED4A5C-5A3F-4932-87DD-F84262A68D53}.Release|x86.ActiveCfg = Release|Win32
		{AEED4A5C-5A3F-4932-87DD-F84262A68D53}.Release|x86.Build.0 = Release|Win32
	EndGlobalSection
	GlobalSection(SolutionProperties) = preSolution
		HideSolutionNode = FALSE
	EndGlobalSection
	GlobalSection(ExtensibilityGlobals) = postSolution
		SolutionGuid = {86794E3E-63ED-4915-8162-E470D0CFA158}
	EndGlobalSection
EndGlobal
